// !$*UTF8*$!
{
	archiveVersion = 1;
	classes = {
	};
	objectVersion = 46;
	objects = {

/* Begin PBXBuildFile section */
		07D001DB1B63ACE100CF52AC /* AppDelegate.swift in Sources */ = {isa = PBXBuildFile; fileRef = 07D001DA1B63ACE100CF52AC /* AppDelegate.swift */; };
		07D001DE1B63ACE100CF52AC /* CaloriesCounter.xcdatamodeld in Sources */ = {isa = PBXBuildFile; fileRef = 07D001DC1B63ACE100CF52AC /* CaloriesCounter.xcdatamodeld */; };
		07D001E01B63ACE100CF52AC /* ViewController.swift in Sources */ = {isa = PBXBuildFile; fileRef = 07D001DF1B63ACE100CF52AC /* ViewController.swift */; };
		07D001E31B63ACE100CF52AC /* Main.storyboard in Resources */ = {isa = PBXBuildFile; fileRef = 07D001E11B63ACE100CF52AC /* Main.storyboard */; };
		07D001E51B63ACE100CF52AC /* Images.xcassets in Resources */ = {isa = PBXBuildFile; fileRef = 07D001E41B63ACE100CF52AC /* Images.xcassets */; };
		07D001E81B63ACE100CF52AC /* LaunchScreen.xib in Resources */ = {isa = PBXBuildFile; fileRef = 07D001E61B63ACE100CF52AC /* LaunchScreen.xib */; };
		07D001F41B63ACE100CF52AC /* CaloriesCounterTests.swift in Sources */ = {isa = PBXBuildFile; fileRef = 07D001F31B63ACE100CF52AC /* CaloriesCounterTests.swift */; };
		07D002071B63AD0A00CF52AC /* InterfaceController.swift in Sources */ = {isa = PBXBuildFile; fileRef = 07D002061B63AD0A00CF52AC /* InterfaceController.swift */; };
		07D002091B63AD0A00CF52AC /* NotificationController.swift in Sources */ = {isa = PBXBuildFile; fileRef = 07D002081B63AD0A00CF52AC /* NotificationController.swift */; };
		07D0020B1B63AD0A00CF52AC /* Images.xcassets in Resources */ = {isa = PBXBuildFile; fileRef = 07D0020A1B63AD0A00CF52AC /* Images.xcassets */; };
		07D0020F1B63AD0A00CF52AC /* CaloriesCounter WatchKit App.app in Resources */ = {isa = PBXBuildFile; fileRef = 07D0020E1B63AD0A00CF52AC /* CaloriesCounter WatchKit App.app */; };
		07D002171B63AD0A00CF52AC /* Interface.storyboard in Resources */ = {isa = PBXBuildFile; fileRef = 07D002151B63AD0A00CF52AC /* Interface.storyboard */; };
		07D002191B63AD0A00CF52AC /* Images.xcassets in Resources */ = {isa = PBXBuildFile; fileRef = 07D002181B63AD0A00CF52AC /* Images.xcassets */; };
		07D0021C1B63AD0A00CF52AC /* CaloriesCounter WatchKit Extension.appex in Embed App Extensions */ = {isa = PBXBuildFile; fileRef = 07D002011B63AD0A00CF52AC /* CaloriesCounter WatchKit Extension.appex */; settings = {ATTRIBUTES = (RemoveHeadersOnCopy, ); }; };
/* End PBXBuildFile section */

/* Begin PBXContainerItemProxy section */
		07D001EE1B63ACE100CF52AC /* PBXContainerItemProxy */ = {
			isa = PBXContainerItemProxy;
			containerPortal = 07D001CD1B63ACE100CF52AC /* Project object */;
			proxyType = 1;
			remoteGlobalIDString = 07D001D41B63ACE100CF52AC;
			remoteInfo = CaloriesCounter;
		};
		07D002101B63AD0A00CF52AC /* PBXContainerItemProxy */ = {
			isa = PBXContainerItemProxy;
			containerPortal = 07D001CD1B63ACE100CF52AC /* Project object */;
			proxyType = 1;
			remoteGlobalIDString = 07D0020D1B63AD0A00CF52AC;
			remoteInfo = "CaloriesCounter WatchKit App";
		};
		07D0021A1B63AD0A00CF52AC /* PBXContainerItemProxy */ = {
			isa = PBXContainerItemProxy;
			containerPortal = 07D001CD1B63ACE100CF52AC /* Project object */;
			proxyType = 1;
			remoteGlobalIDString = 07D002001B63AD0A00CF52AC;
			remoteInfo = "CaloriesCounter WatchKit Extension";
		};
/* End PBXContainerItemProxy section */

/* Begin PBXCopyFilesBuildPhase section */
		07D002231B63AD0A00CF52AC /* Embed App Extensions */ = {
			isa = PBXCopyFilesBuildPhase;
			buildActionMask = 2147483647;
			dstPath = "";
			dstSubfolderSpec = 13;
			files = (
				07D0021C1B63AD0A00CF52AC /* CaloriesCounter WatchKit Extension.appex in Embed App Extensions */,
			);
			name = "Embed App Extensions";
			runOnlyForDeploymentPostprocessing = 0;
		};
/* End PBXCopyFilesBuildPhase section */

/* Begin PBXFileReference section */
		07D001D51B63ACE100CF52AC /* CaloriesCounter.app */ = {isa = PBXFileReference; explicitFileType = wrapper.application; includeInIndex = 0; path = CaloriesCounter.app; sourceTree = BUILT_PRODUCTS_DIR; };
		07D001D91B63ACE100CF52AC /* Info.plist */ = {isa = PBXFileReference; lastKnownFileType = text.plist.xml; path = Info.plist; sourceTree = "<group>"; };
		07D001DA1B63ACE100CF52AC /* AppDelegate.swift */ = {isa = PBXFileReference; lastKnownFileType = sourcecode.swift; path = AppDelegate.swift; sourceTree = "<group>"; };
		07D001DD1B63ACE100CF52AC /* CaloriesCounter.xcdatamodel */ = {isa = PBXFileReference; lastKnownFileType = wrapper.xcdatamodel; path = CaloriesCounter.xcdatamodel; sourceTree = "<group>"; };
		07D001DF1B63ACE100CF52AC /* ViewController.swift */ = {isa = PBXFileReference; lastKnownFileType = sourcecode.swift; path = ViewController.swift; sourceTree = "<group>"; };
		07D001E21B63ACE100CF52AC /* Base */ = {isa = PBXFileReference; lastKnownFileType = file.storyboard; name = Base; path = Base.lproj/Main.storyboard; sourceTree = "<group>"; };
		07D001E41B63ACE100CF52AC /* Images.xcassets */ = {isa = PBXFileReference; lastKnownFileType = folder.assetcatalog; path = Images.xcassets; sourceTree = "<group>"; };
		07D001E71B63ACE100CF52AC /* Base */ = {isa = PBXFileReference; lastKnownFileType = file.xib; name = Base; path = Base.lproj/LaunchScreen.xib; sourceTree = "<group>"; };
		07D001ED1B63ACE100CF52AC /* CaloriesCounterTests.xctest */ = {isa = PBXFileReference; explicitFileType = wrapper.cfbundle; includeInIndex = 0; path = CaloriesCounterTests.xctest; sourceTree = BUILT_PRODUCTS_DIR; };
		07D001F21B63ACE100CF52AC /* Info.plist */ = {isa = PBXFileReference; lastKnownFileType = text.plist.xml; path = Info.plist; sourceTree = "<group>"; };
		07D001F31B63ACE100CF52AC /* CaloriesCounterTests.swift */ = {isa = PBXFileReference; lastKnownFileType = sourcecode.swift; path = CaloriesCounterTests.swift; sourceTree = "<group>"; };
		07D002011B63AD0A00CF52AC /* CaloriesCounter WatchKit Extension.appex */ = {isa = PBXFileReference; explicitFileType = "wrapper.app-extension"; includeInIndex = 0; path = "CaloriesCounter WatchKit Extension.appex"; sourceTree = BUILT_PRODUCTS_DIR; };
		07D002041B63AD0A00CF52AC /* Info.plist */ = {isa = PBXFileReference; lastKnownFileType = text.plist.xml; path = Info.plist; sourceTree = "<group>"; };
		07D002051B63AD0A00CF52AC /* PushNotificationPayload.apns */ = {isa = PBXFileReference; lastKnownFileType = text; path = PushNotificationPayload.apns; sourceTree = "<group>"; };
		07D002061B63AD0A00CF52AC /* InterfaceController.swift */ = {isa = PBXFileReference; lastKnownFileType = sourcecode.swift; path = InterfaceController.swift; sourceTree = "<group>"; };
		07D002081B63AD0A00CF52AC /* NotificationController.swift */ = {isa = PBXFileReference; lastKnownFileType = sourcecode.swift; path = NotificationController.swift; sourceTree = "<group>"; };
		07D0020A1B63AD0A00CF52AC /* Images.xcassets */ = {isa = PBXFileReference; lastKnownFileType = folder.assetcatalog; path = Images.xcassets; sourceTree = "<group>"; };
		07D0020E1B63AD0A00CF52AC /* CaloriesCounter WatchKit App.app */ = {isa = PBXFileReference; explicitFileType = wrapper.application; includeInIndex = 0; path = "CaloriesCounter WatchKit App.app"; sourceTree = BUILT_PRODUCTS_DIR; };
		07D002141B63AD0A00CF52AC /* Info.plist */ = {isa = PBXFileReference; lastKnownFileType = text.plist.xml; path = Info.plist; sourceTree = "<group>"; };
		07D002161B63AD0A00CF52AC /* Base */ = {isa = PBXFileReference; lastKnownFileType = file.storyboard; name = Base; path = Base.lproj/Interface.storyboard; sourceTree = "<group>"; };
		07D002181B63AD0A00CF52AC /* Images.xcassets */ = {isa = PBXFileReference; lastKnownFileType = folder.assetcatalog; path = Images.xcassets; sourceTree = "<group>"; };
/* End PBXFileReference section */

/* Begin PBXFrameworksBuildPhase section */
		07D001D21B63ACE100CF52AC /* Frameworks */ = {
			isa = PBXFrameworksBuildPhase;
			buildActionMask = 2147483647;
			files = (
			);
			runOnlyForDeploymentPostprocessing = 0;
		};
		07D001EA1B63ACE100CF52AC /* Frameworks */ = {
			isa = PBXFrameworksBuildPhase;
			buildActionMask = 2147483647;
			files = (
			);
			runOnlyForDeploymentPostprocessing = 0;
		};
		07D001FE1B63AD0A00CF52AC /* Frameworks */ = {
			isa = PBXFrameworksBuildPhase;
			buildActionMask = 2147483647;
			files = (
			);
			runOnlyForDeploymentPostprocessing = 0;
		};
/* End PBXFrameworksBuildPhase section */

/* Begin PBXGroup section */
		07D001CC1B63ACE100CF52AC = {
			isa = PBXGroup;
			children = (
				07D001D71B63ACE100CF52AC /* CaloriesCounter */,
				07D001F01B63ACE100CF52AC /* CaloriesCounterTests */,
				07D002021B63AD0A00CF52AC /* CaloriesCounter WatchKit Extension */,
				07D002121B63AD0A00CF52AC /* CaloriesCounter WatchKit App */,
				07D001D61B63ACE100CF52AC /* Products */,
			);
			sourceTree = "<group>";
		};
		07D001D61B63ACE100CF52AC /* Products */ = {
			isa = PBXGroup;
			children = (
				07D001D51B63ACE100CF52AC /* CaloriesCounter.app */,
				07D001ED1B63ACE100CF52AC /* CaloriesCounterTests.xctest */,
				07D002011B63AD0A00CF52AC /* CaloriesCounter WatchKit Extension.appex */,
				07D0020E1B63AD0A00CF52AC /* CaloriesCounter WatchKit App.app */,
			);
			name = Products;
			sourceTree = "<group>";
		};
		07D001D71B63ACE100CF52AC /* CaloriesCounter */ = {
			isa = PBXGroup;
			children = (
				07D001DA1B63ACE100CF52AC /* AppDelegate.swift */,
				07D001DF1B63ACE100CF52AC /* ViewController.swift */,
				07D001E11B63ACE100CF52AC /* Main.storyboard */,
				07D001E41B63ACE100CF52AC /* Images.xcassets */,
				07D001E61B63ACE100CF52AC /* LaunchScreen.xib */,
				07D001DC1B63ACE100CF52AC /* CaloriesCounter.xcdatamodeld */,
				07D001D81B63ACE100CF52AC /* Supporting Files */,
			);
			path = CaloriesCounter;
			sourceTree = "<group>";
		};
		07D001D81B63ACE100CF52AC /* Supporting Files */ = {
			isa = PBXGroup;
			children = (
				07D001D91B63ACE100CF52AC /* Info.plist */,
			);
			name = "Supporting Files";
			sourceTree = "<group>";
		};
		07D001F01B63ACE100CF52AC /* CaloriesCounterTests */ = {
			isa = PBXGroup;
			children = (
				07D001F31B63ACE100CF52AC /* CaloriesCounterTests.swift */,
				07D001F11B63ACE100CF52AC /* Supporting Files */,
			);
			path = CaloriesCounterTests;
			sourceTree = "<group>";
		};
		07D001F11B63ACE100CF52AC /* Supporting Files */ = {
			isa = PBXGroup;
			children = (
				07D001F21B63ACE100CF52AC /* Info.plist */,
			);
			name = "Supporting Files";
			sourceTree = "<group>";
		};
		07D002021B63AD0A00CF52AC /* CaloriesCounter WatchKit Extension */ = {
			isa = PBXGroup;
			children = (
				07D002061B63AD0A00CF52AC /* InterfaceController.swift */,
				07D002081B63AD0A00CF52AC /* NotificationController.swift */,
				07D0020A1B63AD0A00CF52AC /* Images.xcassets */,
				07D002031B63AD0A00CF52AC /* Supporting Files */,
			);
			path = "CaloriesCounter WatchKit Extension";
			sourceTree = "<group>";
		};
		07D002031B63AD0A00CF52AC /* Supporting Files */ = {
			isa = PBXGroup;
			children = (
				07D002041B63AD0A00CF52AC /* Info.plist */,
				07D002051B63AD0A00CF52AC /* PushNotificationPayload.apns */,
			);
			name = "Supporting Files";
			sourceTree = "<group>";
		};
		07D002121B63AD0A00CF52AC /* CaloriesCounter WatchKit App */ = {
			isa = PBXGroup;
			children = (
				07D002151B63AD0A00CF52AC /* Interface.storyboard */,
				07D002181B63AD0A00CF52AC /* Images.xcassets */,
				07D002131B63AD0A00CF52AC /* Supporting Files */,
			);
			path = "CaloriesCounter WatchKit App";
			sourceTree = "<group>";
		};
		07D002131B63AD0A00CF52AC /* Supporting Files */ = {
			isa = PBXGroup;
			children = (
				07D002141B63AD0A00CF52AC /* Info.plist */,
			);
			name = "Supporting Files";
			sourceTree = "<group>";
		};
/* End PBXGroup section */

/* Begin PBXNativeTarget section */
		07D001D41B63ACE100CF52AC /* CaloriesCounter */ = {
			isa = PBXNativeTarget;
			buildConfigurationList = 07D001F71B63ACE100CF52AC /* Build configuration list for PBXNativeTarget "CaloriesCounter" */;
			buildPhases = (
				07D001D11B63ACE100CF52AC /* Sources */,
				07D001D21B63ACE100CF52AC /* Frameworks */,
				07D001D31B63ACE100CF52AC /* Resources */,
				07D002231B63AD0A00CF52AC /* Embed App Extensions */,
			);
			buildRules = (
			);
			dependencies = (
				07D0021B1B63AD0A00CF52AC /* PBXTargetDependency */,
			);
			name = CaloriesCounter;
			productName = CaloriesCounter;
			productReference = 07D001D51B63ACE100CF52AC /* CaloriesCounter.app */;
			productType = "com.apple.product-type.application";
		};
		07D001EC1B63ACE100CF52AC /* CaloriesCounterTests */ = {
			isa = PBXNativeTarget;
			buildConfigurationList = 07D001FA1B63ACE100CF52AC /* Build configuration list for PBXNativeTarget "CaloriesCounterTests" */;
			buildPhases = (
				07D001E91B63ACE100CF52AC /* Sources */,
				07D001EA1B63ACE100CF52AC /* Frameworks */,
				07D001EB1B63ACE100CF52AC /* Resources */,
			);
			buildRules = (
			);
			dependencies = (
				07D001EF1B63ACE100CF52AC /* PBXTargetDependency */,
			);
			name = CaloriesCounterTests;
			productName = CaloriesCounterTests;
			productReference = 07D001ED1B63ACE100CF52AC /* CaloriesCounterTests.xctest */;
			productType = "com.apple.product-type.bundle.unit-test";
		};
		07D002001B63AD0A00CF52AC /* CaloriesCounter WatchKit Extension */ = {
			isa = PBXNativeTarget;
			buildConfigurationList = 07D002201B63AD0A00CF52AC /* Build configuration list for PBXNativeTarget "CaloriesCounter WatchKit Extension" */;
			buildPhases = (
				07D001FD1B63AD0A00CF52AC /* Sources */,
				07D001FE1B63AD0A00CF52AC /* Frameworks */,
				07D001FF1B63AD0A00CF52AC /* Resources */,
			);
			buildRules = (
			);
			dependencies = (
				07D002111B63AD0A00CF52AC /* PBXTargetDependency */,
			);
			name = "CaloriesCounter WatchKit Extension";
			productName = "CaloriesCounter WatchKit Extension";
			productReference = 07D002011B63AD0A00CF52AC /* CaloriesCounter WatchKit Extension.appex */;
			productType = "com.apple.product-type.watchkit-extension";
		};
		07D0020D1B63AD0A00CF52AC /* CaloriesCounter WatchKit App */ = {
			isa = PBXNativeTarget;
			buildConfigurationList = 07D0021D1B63AD0A00CF52AC /* Build configuration list for PBXNativeTarget "CaloriesCounter WatchKit App" */;
			buildPhases = (
				07D0020C1B63AD0A00CF52AC /* Resources */,
			);
			buildRules = (
			);
			dependencies = (
			);
			name = "CaloriesCounter WatchKit App";
			productName = "CaloriesCounter WatchKit App";
			productReference = 07D0020E1B63AD0A00CF52AC /* CaloriesCounter WatchKit App.app */;
			productType = "com.apple.product-type.application.watchapp";
		};
/* End PBXNativeTarget section */

/* Begin PBXProject section */
		07D001CD1B63ACE100CF52AC /* Project object */ = {
			isa = PBXProject;
			attributes = {
				LastUpgradeCheck = 0640;
				ORGANIZATIONNAME = appcamp;
				TargetAttributes = {
					07D001D41B63ACE100CF52AC = {
						CreatedOnToolsVersion = 6.4;
					};
					07D001EC1B63ACE100CF52AC = {
						CreatedOnToolsVersion = 6.4;
						TestTargetID = 07D001D41B63ACE100CF52AC;
					};
					07D002001B63AD0A00CF52AC = {
						CreatedOnToolsVersion = 6.4;
					};
					07D0020D1B63AD0A00CF52AC = {
						CreatedOnToolsVersion = 6.4;
						DevelopmentTeam = 2B7PA75W9Z;
					};
				};
			};
			buildConfigurationList = 07D001D01B63ACE100CF52AC /* Build configuration list for PBXProject "CaloriesCounter" */;
			compatibilityVersion = "Xcode 3.2";
			developmentRegion = English;
			hasScannedForEncodings = 0;
			knownRegions = (
				en,
				Base,
			);
			mainGroup = 07D001CC1B63ACE100CF52AC;
			productRefGroup = 07D001D61B63ACE100CF52AC /* Products */;
			projectDirPath = "";
			projectRoot = "";
			targets = (
				07D001D41B63ACE100CF52AC /* CaloriesCounter */,
				07D001EC1B63ACE100CF52AC /* CaloriesCounterTests */,
				07D002001B63AD0A00CF52AC /* CaloriesCounter WatchKit Extension */,
				07D0020D1B63AD0A00CF52AC /* CaloriesCounter WatchKit App */,
			);
		};
/* End PBXProject section */

/* Begin PBXResourcesBuildPhase section */
		07D001D31B63ACE100CF52AC /* Resources */ = {
			isa = PBXResourcesBuildPhase;
			buildActionMask = 2147483647;
			files = (
				07D001E31B63ACE100CF52AC /* Main.storyboard in Resources */,
				07D001E81B63ACE100CF52AC /* LaunchScreen.xib in Resources */,
				07D001E51B63ACE100CF52AC /* Images.xcassets in Resources */,
			);
			runOnlyForDeploymentPostprocessing = 0;
		};
		07D001EB1B63ACE100CF52AC /* Resources */ = {
			isa = PBXResourcesBuildPhase;
			buildActionMask = 2147483647;
			files = (
			);
			runOnlyForDeploymentPostprocessing = 0;
		};
		07D001FF1B63AD0A00CF52AC /* Resources */ = {
			isa = PBXResourcesBuildPhase;
			buildActionMask = 2147483647;
			files = (
				07D0020F1B63AD0A00CF52AC /* CaloriesCounter WatchKit App.app in Resources */,
				07D0020B1B63AD0A00CF52AC /* Images.xcassets in Resources */,
			);
			runOnlyForDeploymentPostprocessing = 0;
		};
		07D0020C1B63AD0A00CF52AC /* Resources */ = {
			isa = PBXResourcesBuildPhase;
			buildActionMask = 2147483647;
			files = (
				07D002171B63AD0A00CF52AC /* Interface.storyboard in Resources */,
				07D002191B63AD0A00CF52AC /* Images.xcassets in Resources */,
			);
			runOnlyForDeploymentPostprocessing = 0;
		};
/* End PBXResourcesBuildPhase section */

/* Begin PBXSourcesBuildPhase section */
		07D001D11B63ACE100CF52AC /* Sources */ = {
			isa = PBXSourcesBuildPhase;
			buildActionMask = 2147483647;
			files = (
				07D001E01B63ACE100CF52AC /* ViewController.swift in Sources */,
				07D001DE1B63ACE100CF52AC /* CaloriesCounter.xcdatamodeld in Sources */,
				07D001DB1B63ACE100CF52AC /* AppDelegate.swift in Sources */,
			);
			runOnlyForDeploymentPostprocessing = 0;
		};
		07D001E91B63ACE100CF52AC /* Sources */ = {
			isa = PBXSourcesBuildPhase;
			buildActionMask = 2147483647;
			files = (
				07D001F41B63ACE100CF52AC /* CaloriesCounterTests.swift in Sources */,
			);
			runOnlyForDeploymentPostprocessing = 0;
		};
		07D001FD1B63AD0A00CF52AC /* Sources */ = {
			isa = PBXSourcesBuildPhase;
			buildActionMask = 2147483647;
			files = (
				07D002091B63AD0A00CF52AC /* NotificationController.swift in Sources */,
				07D002071B63AD0A00CF52AC /* InterfaceController.swift in Sources */,
			);
			runOnlyForDeploymentPostprocessing = 0;
		};
/* End PBXSourcesBuildPhase section */

/* Begin PBXTargetDependency section */
		07D001EF1B63ACE100CF52AC /* PBXTargetDependency */ = {
			isa = PBXTargetDependency;
			target = 07D001D41B63ACE100CF52AC /* CaloriesCounter */;
			targetProxy = 07D001EE1B63ACE100CF52AC /* PBXContainerItemProxy */;
		};
		07D002111B63AD0A00CF52AC /* PBXTargetDependency */ = {
			isa = PBXTargetDependency;
			target = 07D0020D1B63AD0A00CF52AC /* CaloriesCounter WatchKit App */;
			targetProxy = 07D002101B63AD0A00CF52AC /* PBXContainerItemProxy */;
		};
		07D0021B1B63AD0A00CF52AC /* PBXTargetDependency */ = {
			isa = PBXTargetDependency;
			target = 07D002001B63AD0A00CF52AC /* CaloriesCounter WatchKit Extension */;
			targetProxy = 07D0021A1B63AD0A00CF52AC /* PBXContainerItemProxy */;
		};
/* End PBXTargetDependency section */

/* Begin PBXVariantGroup section */
		07D001E11B63ACE100CF52AC /* Main.storyboard */ = {
			isa = PBXVariantGroup;
			children = (
				07D001E21B63ACE100CF52AC /* Base */,
			);
			name = Main.storyboard;
			sourceTree = "<group>";
		};
		07D001E61B63ACE100CF52AC /* LaunchScreen.xib */ = {
			isa = PBXVariantGroup;
			children = (
				07D001E71B63ACE100CF52AC /* Base */,
			);
			name = LaunchScreen.xib;
			sourceTree = "<group>";
		};
		07D002151B63AD0A00CF52AC /* Interface.storyboard */ = {
			isa = PBXVariantGroup;
			children = (
				07D002161B63AD0A00CF52AC /* Base */,
			);
			name = Interface.storyboard;
			sourceTree = "<group>";
		};
/* End PBXVariantGroup section */

/* Begin XCBuildConfiguration section */
		07D001F51B63ACE100CF52AC /* Debug */ = {
			isa = XCBuildConfiguration;
			buildSettings = {
				ALWAYS_SEARCH_USER_PATHS = NO;
				CLANG_CXX_LANGUAGE_STANDARD = "gnu++0x";
				CLANG_CXX_LIBRARY = "libc++";
				CLANG_ENABLE_MODULES = YES;
				CLANG_ENABLE_OBJC_ARC = YES;
				CLANG_WARN_BOOL_CONVERSION = YES;
				CLANG_WARN_CONSTANT_CONVERSION = YES;
				CLANG_WARN_DIRECT_OBJC_ISA_USAGE = YES_ERROR;
				CLANG_WARN_EMPTY_BODY = YES;
				CLANG_WARN_ENUM_CONVERSION = YES;
				CLANG_WARN_INT_CONVERSION = YES;
				CLANG_WARN_OBJC_ROOT_CLASS = YES_ERROR;
				CLANG_WARN_UNREACHABLE_CODE = YES;
				CLANG_WARN__DUPLICATE_METHOD_MATCH = YES;
				"CODE_SIGN_IDENTITY[sdk=iphoneos*]" = "iPhone Developer";
				COPY_PHASE_STRIP = NO;
				DEBUG_INFORMATION_FORMAT = "dwarf-with-dsym";
				ENABLE_STRICT_OBJC_MSGSEND = YES;
				GCC_C_LANGUAGE_STANDARD = gnu99;
				GCC_DYNAMIC_NO_PIC = NO;
				GCC_NO_COMMON_BLOCKS = YES;
				GCC_OPTIMIZATION_LEVEL = 0;
				GCC_PREPROCESSOR_DEFINITIONS = (
					"DEBUG=1",
					"$(inherited)",
				);
				GCC_SYMBOLS_PRIVATE_EXTERN = NO;
				GCC_WARN_64_TO_32_BIT_CONVERSION = YES;
				GCC_WARN_ABOUT_RETURN_TYPE = YES_ERROR;
				GCC_WARN_UNDECLARED_SELECTOR = YES;
				GCC_WARN_UNINITIALIZED_AUTOS = YES_AGGRESSIVE;
				GCC_WARN_UNUSED_FUNCTION = YES;
				GCC_WARN_UNUSED_VARIABLE = YES;
				IPHONEOS_DEPLOYMENT_TARGET = 8.4;
				MTL_ENABLE_DEBUG_INFO = YES;
				ONLY_ACTIVE_ARCH = YES;
				SDKROOT = iphoneos;
				SWIFT_OPTIMIZATION_LEVEL = "-Onone";
			};
			name = Debug;
		};
		07D001F61B63ACE100CF52AC /* Release */ = {
			isa = XCBuildConfiguration;
			buildSettings = {
				ALWAYS_SEARCH_USER_PATHS = NO;
				CLANG_CXX_LANGUAGE_STANDARD = "gnu++0x";
				CLANG_CXX_LIBRARY = "libc++";
				CLANG_ENABLE_MODULES = YES;
				CLANG_ENABLE_OBJC_ARC = YES;
				CLANG_WARN_BOOL_CONVERSION = YES;
				CLANG_WARN_CONSTANT_CONVERSION = YES;
				CLANG_WARN_DIRECT_OBJC_ISA_USAGE = YES_ERROR;
				CLANG_WARN_EMPTY_BODY = YES;
				CLANG_WARN_ENUM_CONVERSION = YES;
				CLANG_WARN_INT_CONVERSION = YES;
				CLANG_WARN_OBJC_ROOT_CLASS = YES_ERROR;
				CLANG_WARN_UNREACHABLE_CODE = YES;
				CLANG_WARN__DUPLICATE_METHOD_MATCH = YES;
				"CODE_SIGN_IDENTITY[sdk=iphoneos*]" = "iPhone Developer";
				COPY_PHASE_STRIP = NO;
				DEBUG_INFORMATION_FORMAT = "dwarf-with-dsym";
				ENABLE_NS_ASSERTIONS = NO;
				ENABLE_STRICT_OBJC_MSGSEND = YES;
				GCC_C_LANGUAGE_STANDARD = gnu99;
				GCC_NO_COMMON_BLOCKS = YES;
				GCC_WARN_64_TO_32_BIT_CONVERSION = YES;
				GCC_WARN_ABOUT_RETURN_TYPE = YES_ERROR;
				GCC_WARN_UNDECLARED_SELECTOR = YES;
				GCC_WARN_UNINITIALIZED_AUTOS = YES_AGGRESSIVE;
				GCC_WARN_UNUSED_FUNCTION = YES;
				GCC_WARN_UNUSED_VARIABLE = YES;
				IPHONEOS_DEPLOYMENT_TARGET = 8.4;
				MTL_ENABLE_DEBUG_INFO = NO;
				SDKROOT = iphoneos;
				VALIDATE_PRODUCT = YES;
			};
			name = Release;
		};
		07D001F81B63ACE100CF52AC /* Debug */ = {
			isa = XCBuildConfiguration;
			buildSettings = {
				ASSETCATALOG_COMPILER_APPICON_NAME = AppIcon;
				INFOPLIST_FILE = CaloriesCounter/Info.plist;
				LD_RUNPATH_SEARCH_PATHS = "$(inherited) @executable_path/Frameworks";
				PRODUCT_NAME = "$(TARGET_NAME)";
			};
			name = Debug;
		};
		07D001F91B63ACE100CF52AC /* Release */ = {
			isa = XCBuildConfiguration;
			buildSettings = {
				ASSETCATALOG_COMPILER_APPICON_NAME = AppIcon;
				INFOPLIST_FILE = CaloriesCounter/Info.plist;
				LD_RUNPATH_SEARCH_PATHS = "$(inherited) @executable_path/Frameworks";
				PRODUCT_NAME = "$(TARGET_NAME)";
			};
			name = Release;
		};
		07D001FB1B63ACE100CF52AC /* Debug */ = {
			isa = XCBuildConfiguration;
			buildSettings = {
				BUNDLE_LOADER = "$(TEST_HOST)";
				FRAMEWORK_SEARCH_PATHS = (
					"$(SDKROOT)/Developer/Library/Frameworks",
					"$(inherited)",
				);
				GCC_PREPROCESSOR_DEFINITIONS = (
					"DEBUG=1",
					"$(inherited)",
				);
				INFOPLIST_FILE = CaloriesCounterTests/Info.plist;
				LD_RUNPATH_SEARCH_PATHS = "$(inherited) @executable_path/Frameworks @loader_path/Frameworks";
				PRODUCT_NAME = "$(TARGET_NAME)";
				TEST_HOST = "$(BUILT_PRODUCTS_DIR)/CaloriesCounter.app/CaloriesCounter";
			};
			name = Debug;
		};
		07D001FC1B63ACE100CF52AC /* Release */ = {
			isa = XCBuildConfiguration;
			buildSettings = {
				BUNDLE_LOADER = "$(TEST_HOST)";
				FRAMEWORK_SEARCH_PATHS = (
					"$(SDKROOT)/Developer/Library/Frameworks",
					"$(inherited)",
				);
				INFOPLIST_FILE = CaloriesCounterTests/Info.plist;
				LD_RUNPATH_SEARCH_PATHS = "$(inherited) @executable_path/Frameworks @loader_path/Frameworks";
				PRODUCT_NAME = "$(TARGET_NAME)";
				TEST_HOST = "$(BUILT_PRODUCTS_DIR)/CaloriesCounter.app/CaloriesCounter";
			};
			name = Release;
		};
		07D0021E1B63AD0A00CF52AC /* Debug */ = {
			isa = XCBuildConfiguration;
			buildSettings = {
				ASSETCATALOG_COMPILER_APPICON_NAME = AppIcon;
				CODE_SIGN_IDENTITY = "iPhone Developer";
				"CODE_SIGN_IDENTITY[sdk=iphoneos*]" = "iPhone Developer";
				GCC_PREPROCESSOR_DEFINITIONS = (
					"DEBUG=1",
					"$(inherited)",
				);
				IBSC_MODULE = CaloriesCounter_WatchKit_Extension;
				INFOPLIST_FILE = "CaloriesCounter WatchKit App/Info.plist";
				IPHONEOS_DEPLOYMENT_TARGET = 8.2;
				PRODUCT_NAME = "$(TARGET_NAME)";
				PROVISIONING_PROFILE = "";
				SKIP_INSTALL = YES;
				TARGETED_DEVICE_FAMILY = 4;
				"TARGETED_DEVICE_FAMILY[sdk=iphonesimulator*]" = "1,4";
			};
			name = Debug;
		};
		07D0021F1B63AD0A00CF52AC /* Release */ = {
			isa = XCBuildConfiguration;
			buildSettings = {
				ASSETCATALOG_COMPILER_APPICON_NAME = AppIcon;
				CODE_SIGN_IDENTITY = "iPhone Developer";
				"CODE_SIGN_IDENTITY[sdk=iphoneos*]" = "iPhone Developer";
				IBSC_MODULE = CaloriesCounter_WatchKit_Extension;
				INFOPLIST_FILE = "CaloriesCounter WatchKit App/Info.plist";
				IPHONEOS_DEPLOYMENT_TARGET = 8.2;
				PRODUCT_NAME = "$(TARGET_NAME)";
				PROVISIONING_PROFILE = "";
				SKIP_INSTALL = YES;
				TARGETED_DEVICE_FAMILY = 4;
				"TARGETED_DEVICE_FAMILY[sdk=iphonesimulator*]" = "1,4";
			};
			name = Release;
		};
		07D002211B63AD0A00CF52AC /* Debug */ = {
			isa = XCBuildConfiguration;
			buildSettings = {
				GCC_PREPROCESSOR_DEFINITIONS = (
					"DEBUG=1",
					"$(inherited)",
				);
				INFOPLIST_FILE = "CaloriesCounter WatchKit Extension/Info.plist";
				LD_RUNPATH_SEARCH_PATHS = "$(inherited) @executable_path/Frameworks @executable_path/../../Frameworks";
				PRODUCT_NAME = "${TARGET_NAME}";
				SKIP_INSTALL = YES;
			};
			name = Debug;
		};
		07D002221B63AD0A00CF52AC /* Release */ = {
			isa = XCBuildConfiguration;
			buildSettings = {
				INFOPLIST_FILE = "CaloriesCounter WatchKit Extension/Info.plist";
				LD_RUNPATH_SEARCH_PATHS = "$(inherited) @executable_path/Frameworks @executable_path/../../Frameworks";
				PRODUCT_NAME = "${TARGET_NAME}";
				SKIP_INSTALL = YES;
			};
			name = Release;
		};
/* End XCBuildConfiguration section */

/* Begin XCConfigurationList section */
		07D001D01B63ACE100CF52AC /* Build configuration list for PBXProject "CaloriesCounter" */ = {
			isa = XCConfigurationList;
			buildConfigurations = (
				07D001F51B63ACE100CF52AC /* Debug */,
				07D001F61B63ACE100CF52AC /* Release */,
			);
			defaultConfigurationIsVisible = 0;
			defaultConfigurationName = Release;
		};
		07D001F71B63ACE100CF52AC /* Build configuration list for PBXNativeTarget "CaloriesCounter" */ = {
			isa = XCConfigurationList;
			buildConfigurations = (
				07D001F81B63ACE100CF52AC /* Debug */,
				07D001F91B63ACE100CF52AC /* Release */,
			);
			defaultConfigurationIsVisible = 0;
		};
		07D001FA1B63ACE100CF52AC /* Build configuration list for PBXNativeTarget "CaloriesCounterTests" */ = {
			isa = XCConfigurationList;
			buildConfigurations = (
				07D001FB1B63ACE100CF52AC /* Debug */,
				07D001FC1B63ACE100CF52AC /* Release */,
			);
			defaultConfigurationIsVisible = 0;
		};
		07D0021D1B63AD0A00CF52AC /* Build configuration list for PBXNativeTarget "CaloriesCounter WatchKit App" */ = {
			isa = XCConfigurationList;
			buildConfigurations = (
				07D0021E1B63AD0A00CF52AC /* Debug */,
				07D0021F1B63AD0A00CF52AC /* Release */,
			);
			defaultConfigurationIsVisible = 0;
		};
		07D002201B63AD0A00CF52AC /* Build configuration list for PBXNativeTarget "CaloriesCounter WatchKit Extension" */ = {
			isa = XCConfigurationList;
			buildConfigurations = (
				07D002211B63AD0A00CF52AC /* Debug */,
				07D002221B63AD0A00CF52AC /* Release */,
			);
			defaultConfigurationIsVisible = 0;
		};
/* End XCConfigurationList section */

/* Begin XCVersionGroup section */
		07D001DC1B63ACE100CF52AC /* CaloriesCounter.xcdatamodeld */ = {
			isa = XCVersionGroup;
			children = (
				07D001DD1B63ACE100CF52AC /* CaloriesCounter.xcdatamodel */,
			);
			currentVersion = 07D001DD1B63ACE100CF52AC /* CaloriesCounter.xcdatamodel */;
			path = CaloriesCounter.xcdatamodeld;
			sourceTree = "<group>";
			versionGroupType = wrapper.xcdatamodel;
		};
/* End XCVersionGroup section */
	};
	rootObject = 07D001CD1B63ACE100CF52AC /* Project object */;
}
